
Microsoft Visual Studio Solution File, Format Version 12.00
# Visual Studio Version 16
VisualStudioVersion = 16.0.30114.105
MinimumVisualStudioVersion = 10.0.40219.1
Project("{FAE04EC0-301F-11D3-BF4B-00C04F79EFBC}") = "ApiApp", "ApiApp\ApiApp.csproj", "{991CFD13-ECE1-4234-A38A-A02BB61EE353}"
EndProject
Project("{FAE04EC0-301F-11D3-BF4B-00C04F79EFBC}") = "WebApp", "WebApp\WebApp.csproj", "{295703F7-2446-49DF-BD2B-8BB98A00027E}"
EndProject
Project("{FAE04EC0-301F-11D3-BF4B-00C04F79EFBC}") = "AppModels", "AppModels\AppModels.csproj", "{44F680A3-5944-4301-B6FB-EEE5685B9972}"
EndProject
Global
	GlobalSection(SolutionConfigurationPlatforms) = preSolution
		Debug|Any CPU = Debug|Any CPU
		Debug|x64 = Debug|x64
		Debug|x86 = Debug|x86
		Release|Any CPU = Release|Any CPU
		Release|x64 = Release|x64
		Release|x86 = Release|x86
	EndGlobalSection
	GlobalSection(SolutionProperties) = preSolution
		HideSolutionNode = FALSE
	EndGlobalSection
	GlobalSection(ProjectConfigurationPlatforms) = postSolution
		{991CFD13-ECE1-4234-A38A-A02BB61EE353}.Debug|Any CPU.ActiveCfg = Debug|Any CPU
		{991CFD13-ECE1-4234-A38A-A02BB61EE353}.Debug|Any CPU.Build.0 = Debug|Any CPU
		{991CFD13-ECE1-4234-A38A-A02BB61EE353}.Debug|x64.ActiveCfg = Debug|Any CPU
		{991CFD13-ECE1-4234-A38A-A02BB61EE353}.Debug|x64.Build.0 = Debug|Any CPU
		{991CFD13-ECE1-4234-A38A-A02BB61EE353}.Debug|x86.ActiveCfg = Debug|Any CPU
		{991CFD13-ECE1-4234-A38A-A02BB61EE353}.Debug|x86.Build.0 = Debug|Any CPU
		{991CFD13-ECE1-4234-A38A-A02BB61EE353}.Release|Any CPU.ActiveCfg = Release|Any CPU
		{991CFD13-ECE1-4234-A38A-A02BB61EE353}.Release|Any CPU.Build.0 = Release|Any CPU
		{991CFD13-ECE1-4234-A38A-A02BB61EE353}.Release|x64.ActiveCfg = Release|Any CPU
		{991CFD13-ECE1-4234-A38A-A02BB61EE353}.Release|x64.Build.0 = Release|Any CPU
		{991CFD13-ECE1-4234-A38A-A02BB61EE353}.Release|x86.ActiveCfg = Release|Any CPU
		{991CFD13-ECE1-4234-A38A-A02BB61EE353}.Release|x86.Build.0 = Release|Any CPU
		{295703F7-2446-49DF-BD2B-8BB98A00027E}.Debug|Any CPU.ActiveCfg = Debug|Any CPU
		{295703F7-2446-49DF-BD2B-8BB98A00027E}.Debug|Any CPU.Build.0 = Debug|Any CPU
		{295703F7-2446-49DF-BD2B-8BB98A00027E}.Debug|x64.ActiveCfg = Debug|Any CPU
		{295703F7-2446-49DF-BD2B-8BB98A00027E}.Debug|x64.Build.0 = Debug|Any CPU
		{295703F7-2446-49DF-BD2B-8BB98A00027E}.Debug|x86.ActiveCfg = Debug|Any CPU
		{295703F7-2446-49DF-BD2B-8BB98A00027E}.Debug|x86.Build.0 = Debug|Any CPU
		{295703F7-2446-49DF-BD2B-8BB98A00027E}.Release|Any CPU.ActiveCfg = Release|Any CPU
		{295703F7-2446-49DF-BD2B-8BB98A00027E}.Release|Any CPU.Build.0 = Release|Any CPU
		{295703F7-2446-49DF-BD2B-8BB98A00027E}.Release|x64.ActiveCfg = Release|Any CPU
		{295703F7-2446-49DF-BD2B-8BB98A00027E}.Release|x64.Build.0 = Release|Any CPU
		{295703F7-2446-49DF-BD2B-8BB98A00027E}.Release|x86.ActiveCfg = Release|Any CPU
		{295703F7-2446-49DF-BD2B-8BB98A00027E}.Release|x86.Build.0 = Release|Any CPU
		{44F680A3-5944-4301-B6FB-EEE5685B9972}.Debug|Any CPU.ActiveCfg = Debug|Any CPU
		{44F680A3-5944-4301-B6FB-EEE5685B9972}.Debug|Any CPU.Build.0 = Debug|Any CPU
		{44F680A3-5944-4301-B6FB-EEE5685B9972}.Debug|x64.ActiveCfg = Debug|Any CPU
		{44F680A3-5944-4301-B6FB-EEE5685B9972}.Debug|x64.Build.0 = Debug|Any CPU
		{44F680A3-5944-4301-B6FB-EEE5685B9972}.Debug|x86.ActiveCfg = Debug|Any CPU
		{44F680A3-5944-4301-B6FB-EEE5685B9972}.Debug|x86.Build.0 = Debug|Any CPU
		{44F680A3-5944-4301-B6FB-EEE5685B9972}.Release|Any CPU.ActiveCfg = Release|Any CPU
		{44F680A3-5944-4301-B6FB-EEE5685B9972}.Release|Any CPU.Build.0 = Release|Any CPU
		{44F680A3-5944-4301-B6FB-EEE5685B9972}.Release|x64.ActiveCfg = Release|Any CPU
		{44F680A3-5944-4301-B6FB-EEE5685B9972}.Release|x64.Build.0 = Release|Any CPU
		{44F680A3-5944-4301-B6FB-EEE5685B9972}.Release|x86.ActiveCfg = Release|Any CPU
		{44F680A3-5944-4301-B6FB-EEE5685B9972}.Release|x86.Build.0 = Release|Any CPU
	EndGlobalSection
EndGlobal
